
Microsoft Visual Studio Solution File, Format Version 12.00
# Visual Studio Version 16
VisualStudioVersion = 16.0.30002.166
MinimumVisualStudioVersion = 10.0.40219.1
Project("{E24C65DC-7377-472B-9ABA-BC803B73C61A}") = "WebSite1(1)", ".", "{56EBEDFD-BDA4-4046-A808-DB1077179885}"
	ProjectSection(WebsiteProperties) = preProject
		TargetFrameworkMoniker = ".NETFramework,Version%3Dv4.7.2"
		ProjectReferences = "{7a083c66-5689-438d-bb9d-63ba7c7628e8}|BLL.dll;{DEF63009-8F56-4C48-9173-E052264567F8}|Model.dll;{7EFB41E4-18B6-4669-8FF7-97928EAEBBEF}|Utility.dll;{E5E62ECB-AB54-45FC-A1D9-D49B01EB0984}|DAL.dll;"
		Debug.AspNetCompiler.VirtualPath = "/localhost_54899"
		Debug.AspNetCompiler.PhysicalPath = "..\WebSite1\"
		Debug.AspNetCompiler.TargetPath = "PrecompiledWeb\localhost_54899\"
		Debug.AspNetCompiler.Updateable = "true"
		Debug.AspNetCompiler.ForceOverwrite = "true"
		Debug.AspNetCompiler.FixedNames = "false"
		Debug.AspNetCompiler.Debug = "True"
		Release.AspNetCompiler.VirtualPath = "/localhost_54899"
		Release.AspNetCompiler.PhysicalPath = "..\WebSite1\"
		Release.AspNetCompiler.TargetPath = "PrecompiledWeb\localhost_54899\"
		Release.AspNetCompiler.Updateable = "true"
		Release.AspNetCompiler.ForceOverwrite = "true"
		Release.AspNetCompiler.FixedNames = "false"
		Release.AspNetCompiler.Debug = "False"
		VWDPort = "54899"
		SlnRelativePath = "..\WebSite1\"
		DefaultWebSiteLanguage = "Visual C#"
	EndProjectSection
EndProject
Project("{FAE04EC0-301F-11D3-BF4B-00C04F79EFBC}") = "DAL", "..\DAL\DAL.csproj", "{E5E62ECB-AB54-45FC-A1D9-D49B01EB0984}"
EndProject
Project("{FAE04EC0-301F-11D3-BF4B-00C04F79EFBC}") = "BLL", "..\BLL\BLL.csproj", "{7A083C66-5689-438D-BB9D-63BA7C7628E8}"
EndProject
Project("{FAE04EC0-301F-11D3-BF4B-00C04F79EFBC}") = "Model", "..\Model\Model.csproj", "{DEF63009-8F56-4C48-9173-E052264567F8}"
EndProject
Project("{FAE04EC0-301F-11D3-BF4B-00C04F79EFBC}") = "Utility", "..\Utility\Utility.csproj", "{7EFB41E4-18B6-4669-8FF7-97928EAEBBEF}"
EndProject
Project("{FAE04EC0-301F-11D3-BF4B-00C04F79EFBC}") = "WindowsFormsApp2", "..\WindowsFormsApp2\WindowsFormsApp2.csproj", "{C99FF13A-6147-4520-A8D1-EF93796B537E}"
EndProject
Global
	GlobalSection(SolutionConfigurationPlatforms) = preSolution
		Debug|Any CPU = Debug|Any CPU
		Release|Any CPU = Release|Any CPU
	EndGlobalSection
	GlobalSection(ProjectConfigurationPlatforms) = postSolution
		{56EBEDFD-BDA4-4046-A808-DB1077179885}.Debug|Any CPU.ActiveCfg = Debug|Any CPU
		{56EBEDFD-BDA4-4046-A808-DB1077179885}.Debug|Any CPU.Build.0 = Debug|Any CPU
		{56EBEDFD-BDA4-4046-A808-DB1077179885}.Release|Any CPU.ActiveCfg = Debug|Any CPU
		{56EBEDFD-BDA4-4046-A808-DB1077179885}.Release|Any CPU.Build.0 = Debug|Any CPU
		{E5E62ECB-AB54-45FC-A1D9-D49B01EB0984}.Debug|Any CPU.ActiveCfg = Debug|Any CPU
		{E5E62ECB-AB54-45FC-A1D9-D49B01EB0984}.Debug|Any CPU.Build.0 = Debug|Any CPU
		{E5E62ECB-AB54-45FC-A1D9-D49B01EB0984}.Release|Any CPU.ActiveCfg = Release|Any CPU
		{E5E62ECB-AB54-45FC-A1D9-D49B01EB0984}.Release|Any CPU.Build.0 = Release|Any CPU
		{7A083C66-5689-438D-BB9D-63BA7C7628E8}.Debug|Any CPU.ActiveCfg = Debug|Any CPU
		{7A083C66-5689-438D-BB9D-63BA7C7628E8}.Debug|Any CPU.Build.0 = Debug|Any CPU
		{7A083C66-5689-438D-BB9D-63BA7C7628E8}.Release|Any CPU.ActiveCfg = Release|Any CPU
		{7A083C66-5689-438D-BB9D-63BA7C7628E8}.Release|Any CPU.Build.0 = Release|Any CPU
		{DEF63009-8F56-4C48-9173-E052264567F8}.Debug|Any CPU.ActiveCfg = Debug|Any CPU
		{DEF63009-8F56-4C48-9173-E052264567F8}.Debug|Any CPU.Build.0 = Debug|Any CPU
		{DEF63009-8F56-4C48-9173-E052264567F8}.Release|Any CPU.ActiveCfg = Release|Any CPU
		{DEF63009-8F56-4C48-9173-E052264567F8}.Release|Any CPU.Build.0 = Release|Any CPU
		{7EFB41E4-18B6-4669-8FF7-97928EAEBBEF}.Debug|Any CPU.ActiveCfg = Debug|Any CPU
		{7EFB41E4-18B6-4669-8FF7-97928EAEBBEF}.Debug|Any CPU.Build.0 = Debug|Any CPU
		{7EFB41E4-18B6-4669-8FF7-97928EAEBBEF}.Release|Any CPU.ActiveCfg = Release|Any CPU
		{7EFB41E4-18B6-4669-8FF7-97928EAEBBEF}.Release|Any CPU.Build.0 = Release|Any CPU
		{C99FF13A-6147-4520-A8D1-EF93796B537E}.Debug|Any CPU.ActiveCfg = Debug|Any CPU
		{C99FF13A-6147-4520-A8D1-EF93796B537E}.Debug|Any CPU.Build.0 = Debug|Any CPU
		{C99FF13A-6147-4520-A8D1-EF93796B537E}.Release|Any CPU.ActiveCfg = Release|Any CPU
		{C99FF13A-6147-4520-A8D1-EF93796B537E}.Release|Any CPU.Build.0 = Release|Any CPU
	EndGlobalSection
	GlobalSection(SolutionProperties) = preSolution
		HideSolutionNode = FALSE
	EndGlobalSection
	GlobalSection(ExtensibilityGlobals) = postSolution
		SolutionGuid = {BFD1DD12-FF3C-4DD3-909B-D6C2386A9B89}
	EndGlobalSection
EndGlobal
